{
  "version": "3",
  "remote": {
    "https://deno.land/std@0.203.0/assert/_constants.ts": "8a9da298c26750b28b326b297316cdde860bc237533b07e1337c021379e6b2a9",
    "https://deno.land/std@0.203.0/assert/_diff.ts": "1a3c044aedf77647d6cac86b798c6417603361b66b54c53331b312caeb447aea",
    "https://deno.land/std@0.203.0/assert/_format.ts": "a69126e8a469009adf4cf2a50af889aca364c349797e63174884a52ff75cf4c7",
    "https://deno.land/std@0.203.0/assert/assert.ts": "9a97dad6d98c238938e7540736b826440ad8c1c1e54430ca4c4e623e585607ee",
    "https://deno.land/std@0.203.0/assert/assert_array_includes.ts": "6856d7f2c3544bc6e62fb4646dfefa3d1df5ff14744d1bca19f0cbaf3b0d66c9",
    "https://deno.land/std@0.203.0/assert/assert_equals.ts": "d8ec8a22447fbaf2fc9d7c3ed2e66790fdb74beae3e482855d75782218d68227",
    "https://deno.land/std@0.203.0/assert/assert_is_error.ts": "c21113094a51a296ffaf036767d616a78a2ae5f9f7bbd464cd0197476498b94b",
    "https://deno.land/std@0.203.0/assert/assert_throws.ts": "63784e951475cb7bdfd59878cd25a0931e18f6dc32a6077c454b2cd94f4f4bcd",
    "https://deno.land/std@0.203.0/assert/assertion_error.ts": "4d0bde9b374dfbcbe8ac23f54f567b77024fb67dbb1906a852d67fe050d42f56",
    "https://deno.land/std@0.203.0/assert/equal.ts": "9f1a46d5993966d2596c44e5858eec821859b45f783a5ee2f7a695dfc12d8ece",
    "https://deno.land/std@0.203.0/async/delay.ts": "a6142eb44cdd856b645086af2b811b1fcce08ec06bb7d50969e6a872ee9b8659",
    "https://deno.land/std@0.203.0/fmt/colors.ts": "c51c4642678eb690dcf5ffee5918b675bf01a33fba82acf303701ae1a4f8c8d9",
    "https://deno.land/std@0.203.0/http/server.ts": "1b2403b3c544c0624ad23e8ca4e05877e65380d9e0d75d04957432d65c3d5f41",
    "https://raw.githubusercontent.com/sgohlke/ModPersonServiceDeno/1.0.18/personservice.ts": "1d21dc661c43cff4d6a24cbceaa2eff0ef637dd27ff30f8e2640db29eeb83994",
    "https://raw.githubusercontent.com/sgohlke/deno-web/7.0.0/deps.ts": "eb8f09ee4d48d2c9423f284d66d347fa676cccf612d694db77a2977699e896cc",
    "https://raw.githubusercontent.com/sgohlke/deno-web/7.0.0/response/ResponseHeaders.ts": "fdddfe3f682247d504107c63ef4bd5179127210f97c5d1979ff876ee4cc28db2",
    "https://raw.githubusercontent.com/sgohlke/deno-web/7.0.0/response/responseFunctions.ts": "7811620ebf8791d5d97ce7096d4e6621ee1ea1b9844d84a756e7b31b0c74e4f6",
    "https://raw.githubusercontent.com/sgohlke/deno-web/7.0.0/server/serverFunctions.ts": "3fe637a230dc27508d3679e8b7d4df855152c05d4693ac7786bf9b8bfd8b7d40"
  }
}
